
Microsoft Visual Studio Solution File, Format Version 12.00
# Visual Studio Version 17
VisualStudioVersion = 17.8.34322.80
MinimumVisualStudioVersion = 10.0.40219.1
Project("{FAE04EC0-301F-11D3-BF4B-00C04F79EFBC}") = "lobe-vidol.Server", "server\lobe-vidol.Server.csproj", "{BDCD1FFF-13F7-4558-9D4E-8A3C970A59CE}"
EndProject
Project("{54A90642-561A-4BB1-A94E-469ADEE60C69}") = "lobe-vidol.client", "client\lobe-vidol.client.esproj", "{1A4CE738-9A1C-49DA-BE71-BB2D8E3CC761}"
EndProject
Global
	GlobalSection(SolutionConfigurationPlatforms) = preSolution
		Debug|Any CPU = Debug|Any CPU
		Release|Any CPU = Release|Any CPU
	EndGlobalSection
	GlobalSection(ProjectConfigurationPlatforms) = postSolution
		{BDCD1FFF-13F7-4558-9D4E-8A3C970A59CE}.Debug|Any CPU.ActiveCfg = Debug|Any CPU
		{BDCD1FFF-13F7-4558-9D4E-8A3C970A59CE}.Debug|Any CPU.Build.0 = Debug|Any CPU
		{BDCD1FFF-13F7-4558-9D4E-8A3C970A59CE}.Release|Any CPU.ActiveCfg = Release|Any CPU
		{BDCD1FFF-13F7-4558-9D4E-8A3C970A59CE}.Release|Any CPU.Build.0 = Release|Any CPU
		{1A4CE738-9A1C-49DA-BE71-BB2D8E3CC761}.Debug|Any CPU.ActiveCfg = Debug|Any CPU
		{1A4CE738-9A1C-49DA-BE71-BB2D8E3CC761}.Debug|Any CPU.Build.0 = Debug|Any CPU
		{1A4CE738-9A1C-49DA-BE71-BB2D8E3CC761}.Debug|Any CPU.Deploy.0 = Debug|Any CPU
		{1A4CE738-9A1C-49DA-BE71-BB2D8E3CC761}.Release|Any CPU.ActiveCfg = Release|Any CPU
		{1A4CE738-9A1C-49DA-BE71-BB2D8E3CC761}.Release|Any CPU.Build.0 = Release|Any CPU
		{1A4CE738-9A1C-49DA-BE71-BB2D8E3CC761}.Release|Any CPU.Deploy.0 = Release|Any CPU
	EndGlobalSection
	GlobalSection(SolutionProperties) = preSolution
		HideSolutionNode = FALSE
	EndGlobalSection
	GlobalSection(ExtensibilityGlobals) = postSolution
		SolutionGuid = {F253707C-C896-4622-A19A-99AC2D9FB53A}
	EndGlobalSection
EndGlobal
